
Microsoft Visual Studio Solution File, Format Version 12.00
# Visual Studio Version 16
VisualStudioVersion = 16.0.29201.188
MinimumVisualStudioVersion = 10.0.40219.1
Project("{9A19103F-16F7-4668-BE54-9A1E7A4F7556}") = "Cvss.Suite", "CvssSuite\Cvss.Suite.csproj", "{AD4651C5-FB63-4D32-8FB8-1913F1DAE1B7}"
EndProject
Project("{FAE04EC0-301F-11D3-BF4B-00C04F79EFBC}") = "Cvss.Suite.Tests", "Cvss.Suite.Tests\Cvss.Suite.Tests.csproj", "{F043FCCF-CD5B-4153-96F5-A1C88E8A3A52}"
EndProject
Global
	GlobalSection(SolutionConfigurationPlatforms) = preSolution
		Debug|Any CPU = Debug|Any CPU
		Release|Any CPU = Release|Any CPU
	EndGlobalSection
	GlobalSection(ProjectConfigurationPlatforms) = postSolution
		{AD4651C5-FB63-4D32-8FB8-1913F1DAE1B7}.Debug|Any CPU.ActiveCfg = Debug|Any CPU
		{AD4651C5-FB63-4D32-8FB8-1913F1DAE1B7}.Debug|Any CPU.Build.0 = Debug|Any CPU
		{AD4651C5-FB63-4D32-8FB8-1913F1DAE1B7}.Release|Any CPU.ActiveCfg = Release|Any CPU
		{AD4651C5-FB63-4D32-8FB8-1913F1DAE1B7}.Release|Any CPU.Build.0 = Release|Any CPU
		{F043FCCF-CD5B-4153-96F5-A1C88E8A3A52}.Debug|Any CPU.ActiveCfg = Debug|Any CPU
		{F043FCCF-CD5B-4153-96F5-A1C88E8A3A52}.Debug|Any CPU.Build.0 = Debug|Any CPU
		{F043FCCF-CD5B-4153-96F5-A1C88E8A3A52}.Release|Any CPU.ActiveCfg = Release|Any CPU
		{F043FCCF-CD5B-4153-96F5-A1C88E8A3A52}.Release|Any CPU.Build.0 = Release|Any CPU
	EndGlobalSection
	GlobalSection(SolutionProperties) = preSolution
		HideSolutionNode = FALSE
	EndGlobalSection
	GlobalSection(ExtensibilityGlobals) = postSolution
		SolutionGuid = {D4D9EEC9-09BC-45AB-915A-8C213196BBDB}
	EndGlobalSection
EndGlobal
